# @generated - this file is auto-generated by `mise lock` https://mise.jdx.dev/dev-tools/mise-lock.html

[[tools."github:nubjs/nub"]]
version = "0.9.6"
backend = "github:nubjs/nub"

[tools."github:nubjs/nub"."platforms.linux-arm64"]
checksum = "sha256:d8223f600726a97108e47f8e89730fb893d0c6a640f606c854ec3fe39591eaf7"
url = "https://github.com/nubjs/nub/releases/download/v0.9.6/nub-linux-arm64.tar.gz"
url_api = "https://api.github.com/repos/nubjs/nub/releases/assets/602072790"

[tools."github:nubjs/nub"."platforms.linux-arm64-musl"]
checksum = "sha256:ea0026b1c7f2f5d14de927019a5faefc7161e3412ac45ca035346955322b08fa"
url = "https://github.com/nubjs/nub/releases/download/v0.9.6/nub-linux-arm64-musl.tar.gz"
url_api = "https://api.github.com/repos/nubjs/nub/releases/assets/602072850"

[tools."github:nubjs/nub"."platforms.linux-x64"]
checksum = "sha256:77220dc6deb6ebbdb0a282c61b80a157e32016e088f3632d8fb4bf74a931e4ce"
url = "https://github.com/nubjs/nub/releases/download/v0.9.6/nub-linux-x64.tar.gz"
url_api = "https://api.github.com/repos/nubjs/nub/releases/assets/602072619"

[tools."github:nubjs/nub"."platforms.linux-x64-musl"]
checksum = "sha256:506b59abcc7479d15cabe7c4d049b13caa6a9ffde37b569150637949dae4e822"
url = "https://github.com/nubjs/nub/releases/download/v0.9.6/nub-linux-x64-musl.tar.gz"
url_api = "https://api.github.com/repos/nubjs/nub/releases/assets/602072724"

[tools."github:nubjs/nub"."platforms.macos-arm64"]
checksum = "sha256:d2526af860b79818c10e69fe75f8188670247a966c1441d33526b15677b2b508"
url = "https://github.com/nubjs/nub/releases/download/v0.9.6/nub-darwin-arm64.tar.gz"
url_api = "https://api.github.com/repos/nubjs/nub/releases/assets/602072484"

[tools."github:nubjs/nub"."platforms.macos-x64"]
checksum = "sha256:653c81a5b9700421ccb3e91b7cb84cbcb7bdc02f73cd9cc5a5ec221d04b9e69f"
url = "https://github.com/nubjs/nub/releases/download/v0.9.6/nub-darwin-x64.tar.gz"
url_api = "https://api.github.com/repos/nubjs/nub/releases/assets/602072548"

[tools."github:nubjs/nub"."platforms.windows-x64"]
checksum = "sha256:7dddb16975354d73e16c0e7168cc453738bb2c1c03f6a8d6690326e466ed7c6a"
url = "https://github.com/nubjs/nub/releases/download/v0.9.6/nub-win32-x64.zip"
url_api = "https://api.github.com/repos/nubjs/nub/releases/assets/602072908"

[[tools.node]]
version = "26.11.1"
backend = "core:node"

[tools.node."platforms.linux-arm64"]
checksum = "sha256:170454fb022f5e9b5f6cc76c25fa32ef5100895be44eb04e92f9780591491bbf"
url = "https://nodejs.org/dist/v26.11.1/node-v26.11.1-linux-arm64.tar.gz"

[tools.node."platforms.linux-arm64-musl"]
checksum = "sha256:5ac42d71176924d34be570c85567c729cc9283294d3fd710011851510b30c9d1"
url = "https://unofficial-builds.nodejs.org/download/release/v26.11.1/node-v26.11.1-linux-arm64-musl.tar.gz"

[tools.node."platforms.linux-x64"]
checksum = "sha256:15fc043a51a5783f2f4b634561091658f5a7f0e3db03f997dca3a8033a33e45b"
url = "https://nodejs.org/dist/v26.11.1/node-v26.11.1-linux-x64.tar.gz"

[tools.node."platforms.linux-x64-musl"]
checksum = "sha256:dc822f43a55877e060b9e16702019c91deb9684310fa47ea4e9bdab0f2146366"
url = "https://unofficial-builds.nodejs.org/download/release/v26.11.1/node-v26.11.1-linux-x64-musl.tar.gz"

[tools.node."platforms.macos-arm64"]
checksum = "sha256:d916511b55965e91be7a88e17f88d895b6793ceaba3e6c9b194aefe51c2c65ac"
url = "https://nodejs.org/dist/v26.11.1/node-v26.11.1-darwin-arm64.tar.gz"

[tools.node."platforms.macos-x64"]
checksum = "sha256:9a8129bd9ab08039793dd1143a7aedee6b5d60ac06592ad938d8bddf36142f3a"
url = "https://nodejs.org/dist/v26.11.1/node-v26.11.1-darwin-x64.tar.gz"

[tools.node."platforms.windows-x64"]
checksum = "sha256:97f36a8a9684ff0d3e35758b4610fef5b628a5880e96f2ccc11240e5daf9934e"
url = "https://nodejs.org/dist/v26.11.1/node-v26.11.1-win-x64.zip"
