# @generated - this file is auto-generated by `mise lock` https://mise.jdx.dev/dev-tools/mise-lock.html

[[tools."github:nubjs/nub"]]
version = "0.6.0"
backend = "github:nubjs/nub"

[tools."github:nubjs/nub"."platforms.linux-arm64"]
checksum = "sha256:8ab023e14a030a151b3e24e3bef360dcc3b230ea36b657d111919e73a51c28ff"
url = "https://github.com/nubjs/nub/releases/download/v0.6.0/nub-linux-arm64.tar.gz"
url_api = "https://api.github.com/repos/nubjs/nub/releases/assets/489764416"

[tools."github:nubjs/nub"."platforms.linux-arm64-musl"]
checksum = "sha256:ebdfd891a04bffc9bd312fb67dde29b5a9f686a0d5c1a5f9bf0acdf0efb05e65"
url = "https://github.com/nubjs/nub/releases/download/v0.6.0/nub-linux-arm64-musl.tar.gz"
url_api = "https://api.github.com/repos/nubjs/nub/releases/assets/489764409"

[tools."github:nubjs/nub"."platforms.linux-x64"]
checksum = "sha256:9da96cc4600abb7995b5e06e8f74c3c89c295a70d9b62747d08b21b0d5de4c5d"
url = "https://github.com/nubjs/nub/releases/download/v0.6.0/nub-linux-x64.tar.gz"
url_api = "https://api.github.com/repos/nubjs/nub/releases/assets/489764415"

[tools."github:nubjs/nub"."platforms.linux-x64-musl"]
checksum = "sha256:4880742fa48d776150ac470a6ed092745b9b2aa45ca2761b52aa5a3627571e40"
url = "https://github.com/nubjs/nub/releases/download/v0.6.0/nub-linux-x64-musl.tar.gz"
url_api = "https://api.github.com/repos/nubjs/nub/releases/assets/489764414"

[tools."github:nubjs/nub"."platforms.macos-arm64"]
checksum = "sha256:f5abffa7bfe1b6a9b4fecf66d4f97d19b1491df35a7b05b6da5c2cfc495b255c"
url = "https://github.com/nubjs/nub/releases/download/v0.6.0/nub-darwin-arm64.tar.gz"
url_api = "https://api.github.com/repos/nubjs/nub/releases/assets/489764406"

[tools."github:nubjs/nub"."platforms.macos-x64"]
checksum = "sha256:4ee5d6b0db4783885c2d0451e1b1fcd198b457442361444ea5ef166ab5dad50b"
url = "https://github.com/nubjs/nub/releases/download/v0.6.0/nub-darwin-x64.tar.gz"
url_api = "https://api.github.com/repos/nubjs/nub/releases/assets/489764407"

[tools."github:nubjs/nub"."platforms.windows-x64"]
checksum = "sha256:a4472d680fa3fbcd31703a8f9963cf783caf9a435a19e538d74d16316437ea8f"
url = "https://github.com/nubjs/nub/releases/download/v0.6.0/nub-win32-x64.zip"
url_api = "https://api.github.com/repos/nubjs/nub/releases/assets/489764418"

[[tools.node]]
version = "26.7.0"
backend = "core:node"

[tools.node."platforms.linux-arm64"]
checksum = "sha256:925aa6157dd37542d0d7f2e28b7bf61e7b39284411210b0498bc3788db4aef68"
url = "https://nodejs.org/dist/v26.7.0/node-v26.7.0-linux-arm64.tar.gz"

[tools.node."platforms.linux-arm64-musl"]
checksum = "sha256:1f16cc0f6febcb1bed1d4550306806dbcfbaf5c1bc2f44f3c5c8b5d22a4cc27a"
url = "https://unofficial-builds.nodejs.org/download/release/v26.7.0/node-v26.7.0-linux-arm64-musl.tar.gz"

[tools.node."platforms.linux-x64"]
checksum = "sha256:bd6b6c31e377bad9ad579bed72e5bc11f4c879ac9452ad51d30e646ea3d828df"
url = "https://nodejs.org/dist/v26.7.0/node-v26.7.0-linux-x64.tar.gz"

[tools.node."platforms.linux-x64-musl"]
checksum = "sha256:5dc0180e7684ede6fc9d9e6333da45686f4b5a7820729d33c68335b283337295"
url = "https://unofficial-builds.nodejs.org/download/release/v26.7.0/node-v26.7.0-linux-x64-musl.tar.gz"

[tools.node."platforms.macos-arm64"]
checksum = "sha256:7ee659a7768e641bbfd5360940660b8e8fd0052f77488f365562bac522fc15d4"
url = "https://nodejs.org/dist/v26.7.0/node-v26.7.0-darwin-arm64.tar.gz"

[tools.node."platforms.macos-x64"]
checksum = "sha256:f279d1ed28ce57f7788bf23435d2ad7fdd7438904ad5c4d8a1081a7cde3d4b96"
url = "https://nodejs.org/dist/v26.7.0/node-v26.7.0-darwin-x64.tar.gz"

[tools.node."platforms.windows-x64"]
checksum = "sha256:d3bd72755141ed32bbcd841228ee81897c8a98d50dfa7dae2179399a0a7c90f8"
url = "https://nodejs.org/dist/v26.7.0/node-v26.7.0-win-x64.zip"
