# @generated - this file is auto-generated by `mise lock` https://mise.jdx.dev/dev-tools/mise-lock.html

[[tools."github:nubjs/nub"]]
version = "0.7.5"
backend = "github:nubjs/nub"

[tools."github:nubjs/nub"."platforms.linux-arm64"]
checksum = "sha256:de28e3df5a84fb410640d7ab820e172401d85d63ba44d4b6f6454bf9c27380d3"
url = "https://github.com/nubjs/nub/releases/download/v0.7.5/nub-linux-arm64.tar.gz"
url_api = "https://api.github.com/repos/nubjs/nub/releases/assets/507734611"

[tools."github:nubjs/nub"."platforms.linux-arm64-musl"]
checksum = "sha256:e9d98e41c6a89ab89e103a94a7a61561cd9db05fc470600ac02918ad89a2f8ca"
url = "https://github.com/nubjs/nub/releases/download/v0.7.5/nub-linux-arm64-musl.tar.gz"
url_api = "https://api.github.com/repos/nubjs/nub/releases/assets/507734615"

[tools."github:nubjs/nub"."platforms.linux-x64"]
checksum = "sha256:34ad027792b7702e88f71eadde9fc2bf4ebade13a1c91b92fa056954f15880eb"
url = "https://github.com/nubjs/nub/releases/download/v0.7.5/nub-linux-x64.tar.gz"
url_api = "https://api.github.com/repos/nubjs/nub/releases/assets/507734614"

[tools."github:nubjs/nub"."platforms.linux-x64-musl"]
checksum = "sha256:830e811bfabbd6edd1e20e975965d75d21d20fd9191bb45484efb2a29fe9789b"
url = "https://github.com/nubjs/nub/releases/download/v0.7.5/nub-linux-x64-musl.tar.gz"
url_api = "https://api.github.com/repos/nubjs/nub/releases/assets/507734610"

[tools."github:nubjs/nub"."platforms.macos-arm64"]
checksum = "sha256:dd5a6a9bf30d96e36fe5ba7df870156db7089b3b5bbf73734c881ecc86ed693f"
url = "https://github.com/nubjs/nub/releases/download/v0.7.5/nub-darwin-arm64.tar.gz"
url_api = "https://api.github.com/repos/nubjs/nub/releases/assets/507734604"

[tools."github:nubjs/nub"."platforms.macos-x64"]
checksum = "sha256:45396491a922e9a6ff75ab6add500bf597b2be51b80acbaeaa055a7a9d845748"
url = "https://github.com/nubjs/nub/releases/download/v0.7.5/nub-darwin-x64.tar.gz"
url_api = "https://api.github.com/repos/nubjs/nub/releases/assets/507734605"

[tools."github:nubjs/nub"."platforms.windows-x64"]
checksum = "sha256:061956457776121ec8a4de43da47a85eebb9e3c26111ff39fc5c55865836de43"
url = "https://github.com/nubjs/nub/releases/download/v0.7.5/nub-win32-x64.zip"
url_api = "https://api.github.com/repos/nubjs/nub/releases/assets/507734620"

[[tools.node]]
version = "26.7.0"
backend = "core:node"

[tools.node."platforms.linux-arm64"]
checksum = "sha256:925aa6157dd37542d0d7f2e28b7bf61e7b39284411210b0498bc3788db4aef68"
url = "https://nodejs.org/dist/v26.7.0/node-v26.7.0-linux-arm64.tar.gz"

[tools.node."platforms.linux-arm64-musl"]
checksum = "sha256:1f16cc0f6febcb1bed1d4550306806dbcfbaf5c1bc2f44f3c5c8b5d22a4cc27a"
url = "https://unofficial-builds.nodejs.org/download/release/v26.7.0/node-v26.7.0-linux-arm64-musl.tar.gz"

[tools.node."platforms.linux-x64"]
checksum = "sha256:bd6b6c31e377bad9ad579bed72e5bc11f4c879ac9452ad51d30e646ea3d828df"
url = "https://nodejs.org/dist/v26.7.0/node-v26.7.0-linux-x64.tar.gz"

[tools.node."platforms.linux-x64-musl"]
checksum = "sha256:5dc0180e7684ede6fc9d9e6333da45686f4b5a7820729d33c68335b283337295"
url = "https://unofficial-builds.nodejs.org/download/release/v26.7.0/node-v26.7.0-linux-x64-musl.tar.gz"

[tools.node."platforms.macos-arm64"]
checksum = "sha256:7ee659a7768e641bbfd5360940660b8e8fd0052f77488f365562bac522fc15d4"
url = "https://nodejs.org/dist/v26.7.0/node-v26.7.0-darwin-arm64.tar.gz"

[tools.node."platforms.macos-x64"]
checksum = "sha256:f279d1ed28ce57f7788bf23435d2ad7fdd7438904ad5c4d8a1081a7cde3d4b96"
url = "https://nodejs.org/dist/v26.7.0/node-v26.7.0-darwin-x64.tar.gz"

[tools.node."platforms.windows-x64"]
checksum = "sha256:d3bd72755141ed32bbcd841228ee81897c8a98d50dfa7dae2179399a0a7c90f8"
url = "https://nodejs.org/dist/v26.7.0/node-v26.7.0-win-x64.zip"
